// !$*UTF8*$!
{
	archiveVersion = 1;
	classes = {
	};
	objectVersion = 50;
	objects = {

/* Begin PBXBuildFile section */
		840765E7244999F90037B14B /* 520.mp4 in Resources */ = {isa = PBXBuildFile; fileRef = 840765E6244999F90037B14B /* 520.mp4 */; };
		840765EA24499EC10037B14B /* AlphaFrameFilter.m in Sources */ = {isa = PBXBuildFile; fileRef = 840765E924499EC10037B14B /* AlphaFrameFilter.m */; };
		840765EE244A93690037B14B /* YDDAlphaPlayerView.m in Sources */ = {isa = PBXBuildFile; fileRef = 840765ED244A93690037B14B /* YDDAlphaPlayerView.m */; };
		840765F1244AA59C0037B14B /* YDDAlphaViewController.m in Sources */ = {isa = PBXBuildFile; fileRef = 840765F0244AA59C0037B14B /* YDDAlphaViewController.m */; };
		840765F4244AAAD90037B14B /* ISH264Player.m in Sources */ = {isa = PBXBuildFile; fileRef = 840765F3244AAAD90037B14B /* ISH264Player.m */; };
		84359C3122DC2EF500FF0684 /* YDDAssetReader.m in Sources */ = {isa = PBXBuildFile; fileRef = 84359C3022DC2EF500FF0684 /* YDDAssetReader.m */; };
		8436615122D9A36900385FF3 /* SegmentationShader.metal in Sources */ = {isa = PBXBuildFile; fileRef = 8436615022D9A36900385FF3 /* SegmentationShader.metal */; };
		8436615A22D9C53300385FF3 /* OpenGLES.framework in Frameworks */ = {isa = PBXBuildFile; fileRef = 8436615922D9C53300385FF3 /* OpenGLES.framework */; };
		8436615C22D9C53C00385FF3 /* QuartzCore.framework in Frameworks */ = {isa = PBXBuildFile; fileRef = 8436615B22D9C53C00385FF3 /* QuartzCore.framework */; };
		8436D9AB22D5BCBA00068F0F /* AudioDataView.m in Sources */ = {isa = PBXBuildFile; fileRef = 8436D9AA22D5BCBA00068F0F /* AudioDataView.m */; };
		8436D9B222D5CEC500068F0F /* QueuePlayer.m in Sources */ = {isa = PBXBuildFile; fileRef = 8436D9B022D5CEC500068F0F /* QueuePlayer.m */; };
		8436D9B722D5CEE800068F0F /* MCAudioInputQueue.m in Sources */ = {isa = PBXBuildFile; fileRef = 8436D9B322D5CEE800068F0F /* MCAudioInputQueue.m */; };
		8436D9B822D5CEE800068F0F /* AVAudioPlayer+PCM.m in Sources */ = {isa = PBXBuildFile; fileRef = 8436D9B422D5CEE800068F0F /* AVAudioPlayer+PCM.m */; };
		8436D9BE22D5D81700068F0F /* Metal_CaptureView.m in Sources */ = {isa = PBXBuildFile; fileRef = 8436D9BD22D5D81700068F0F /* Metal_CaptureView.m */; };
		8436D9C622D5E6C300068F0F /* Metal_DrawImage.m in Sources */ = {isa = PBXBuildFile; fileRef = 8436D9C322D5E6C200068F0F /* Metal_DrawImage.m */; };
		8436D9C722D5E6C300068F0F /* Metal_VideoPlayer.m in Sources */ = {isa = PBXBuildFile; fileRef = 8436D9C522D5E6C300068F0F /* Metal_VideoPlayer.m */; };
		8436D9CD22D5E77500068F0F /* CameraViewController.m in Sources */ = {isa = PBXBuildFile; fileRef = 8436D9CC22D5E77500068F0F /* CameraViewController.m */; };
		8437C09522D83C720024EBA4 /* AudioPlayer.m in Sources */ = {isa = PBXBuildFile; fileRef = 8437C09422D83C720024EBA4 /* AudioPlayer.m */; };
		8438D7D322D46D9100439BDA /* AppDelegate.m in Sources */ = {isa = PBXBuildFile; fileRef = 8438D7D222D46D9100439BDA /* AppDelegate.m */; };
		8438D7D622D46D9100439BDA /* ViewController.m in Sources */ = {isa = PBXBuildFile; fileRef = 8438D7D522D46D9100439BDA /* ViewController.m */; };
		8438D7D922D46D9100439BDA /* Main.storyboard in Resources */ = {isa = PBXBuildFile; fileRef = 8438D7D722D46D9100439BDA /* Main.storyboard */; };
		8438D7DB22D46D9300439BDA /* Assets.xcassets in Resources */ = {isa = PBXBuildFile; fileRef = 8438D7DA22D46D9300439BDA /* Assets.xcassets */; };
		8438D7DE22D46D9300439BDA /* LaunchScreen.storyboard in Resources */ = {isa = PBXBuildFile; fileRef = 8438D7DC22D46D9300439BDA /* LaunchScreen.storyboard */; };
		8438D7E122D46D9300439BDA /* main.m in Sources */ = {isa = PBXBuildFile; fileRef = 8438D7E022D46D9300439BDA /* main.m */; };
		8438D7EB22D46D9300439BDA /* Learn_metalTests.m in Sources */ = {isa = PBXBuildFile; fileRef = 8438D7EA22D46D9300439BDA /* Learn_metalTests.m */; };
		8438D7F622D46D9300439BDA /* Learn_metalUITests.m in Sources */ = {isa = PBXBuildFile; fileRef = 8438D7F522D46D9300439BDA /* Learn_metalUITests.m */; };
		8438D80522D46DE200439BDA /* MetalKit.framework in Frameworks */ = {isa = PBXBuildFile; fileRef = 8438D80422D46DE200439BDA /* MetalKit.framework */; };
		8438D80A22D489AC00439BDA /* jintian.jpg in Resources */ = {isa = PBXBuildFile; fileRef = 8438D80922D489AC00439BDA /* jintian.jpg */; };
		8438D80C22D49DD200439BDA /* shaders.metal in Sources */ = {isa = PBXBuildFile; fileRef = 8438D80B22D49DD200439BDA /* shaders.metal */; };
		8438D81322D4A5DE00439BDA /* LYAssetReader.m in Sources */ = {isa = PBXBuildFile; fileRef = 8438D81122D4A5DD00439BDA /* LYAssetReader.m */; };
		8438D81522D4B32800439BDA /* Cat.mp4 in Resources */ = {isa = PBXBuildFile; fileRef = 8438D81422D4B32800439BDA /* Cat.mp4 */; };
		843A0C6622E5AD0400DB8661 /* TCMediaFileReader.m in Sources */ = {isa = PBXBuildFile; fileRef = 843A0C6422E5AD0400DB8661 /* TCMediaFileReader.m */; };
		843F034D22D7084D0012AE17 /* MetalViewController.m in Sources */ = {isa = PBXBuildFile; fileRef = 843F034C22D7084D0012AE17 /* MetalViewController.m */; };
		843F035022D72B9C0012AE17 /* AudioQueuePlayer.m in Sources */ = {isa = PBXBuildFile; fileRef = 843F034F22D72B9C0012AE17 /* AudioQueuePlayer.m */; };
		843F035322D73F880012AE17 /* AssetReader.m in Sources */ = {isa = PBXBuildFile; fileRef = 843F035222D73F880012AE17 /* AssetReader.m */; };
/* End PBXBuildFile section */

/* Begin PBXContainerItemProxy section */
		8438D7E722D46D9300439BDA /* PBXContainerItemProxy */ = {
			isa = PBXContainerItemProxy;
			containerPortal = 8438D7C622D46D9100439BDA /* Project object */;
			proxyType = 1;
			remoteGlobalIDString = 8438D7CD22D46D9100439BDA;
			remoteInfo = Learn_metal;
		};
		8438D7F222D46D9300439BDA /* PBXContainerItemProxy */ = {
			isa = PBXContainerItemProxy;
			containerPortal = 8438D7C622D46D9100439BDA /* Project object */;
			proxyType = 1;
			remoteGlobalIDString = 8438D7CD22D46D9100439BDA;
			remoteInfo = Learn_metal;
		};
/* End PBXContainerItemProxy section */

/* Begin PBXFileReference section */
		840765E6244999F90037B14B /* 520.mp4 */ = {isa = PBXFileReference; lastKnownFileType = file; path = 520.mp4; sourceTree = "<group>"; };
		840765E824499EC10037B14B /* AlphaFrameFilter.h */ = {isa = PBXFileReference; fileEncoding = 4; lastKnownFileType = sourcecode.c.h; path = AlphaFrameFilter.h; sourceTree = "<group>"; };
		840765E924499EC10037B14B /* AlphaFrameFilter.m */ = {isa = PBXFileReference; fileEncoding = 4; lastKnownFileType = sourcecode.c.objc; path = AlphaFrameFilter.m; sourceTree = "<group>"; };
		840765EC244A93690037B14B /* YDDAlphaPlayerView.h */ = {isa = PBXFileReference; lastKnownFileType = sourcecode.c.h; path = YDDAlphaPlayerView.h; sourceTree = "<group>"; };
		840765ED244A93690037B14B /* YDDAlphaPlayerView.m */ = {isa = PBXFileReference; lastKnownFileType = sourcecode.c.objc; path = YDDAlphaPlayerView.m; sourceTree = "<group>"; };
		840765EF244AA59C0037B14B /* YDDAlphaViewController.h */ = {isa = PBXFileReference; lastKnownFileType = sourcecode.c.h; path = YDDAlphaViewController.h; sourceTree = "<group>"; };
		840765F0244AA59C0037B14B /* YDDAlphaViewController.m */ = {isa = PBXFileReference; lastKnownFileType = sourcecode.c.objc; path = YDDAlphaViewController.m; sourceTree = "<group>"; };
		840765F2244AAAD90037B14B /* ISH264Player.h */ = {isa = PBXFileReference; fileEncoding = 4; lastKnownFileType = sourcecode.c.h; path = ISH264Player.h; sourceTree = "<group>"; };
		840765F3244AAAD90037B14B /* ISH264Player.m */ = {isa = PBXFileReference; fileEncoding = 4; lastKnownFileType = sourcecode.c.objc; path = ISH264Player.m; sourceTree = "<group>"; };
		84359C2F22DC2EF500FF0684 /* YDDAssetReader.h */ = {isa = PBXFileReference; lastKnownFileType = sourcecode.c.h; path = YDDAssetReader.h; sourceTree = "<group>"; };
		84359C3022DC2EF500FF0684 /* YDDAssetReader.m */ = {isa = PBXFileReference; lastKnownFileType = sourcecode.c.objc; path = YDDAssetReader.m; sourceTree = "<group>"; };
		8436615022D9A36900385FF3 /* SegmentationShader.metal */ = {isa = PBXFileReference; lastKnownFileType = sourcecode.metal; path = SegmentationShader.metal; sourceTree = "<group>"; };
		8436615922D9C53300385FF3 /* OpenGLES.framework */ = {isa = PBXFileReference; lastKnownFileType = wrapper.framework; name = OpenGLES.framework; path = System/Library/Frameworks/OpenGLES.framework; sourceTree = SDKROOT; };
		8436615B22D9C53C00385FF3 /* QuartzCore.framework */ = {isa = PBXFileReference; lastKnownFileType = wrapper.framework; name = QuartzCore.framework; path = System/Library/Frameworks/QuartzCore.framework; sourceTree = SDKROOT; };
		8436D9A922D5BCBA00068F0F /* AudioDataView.h */ = {isa = PBXFileReference; lastKnownFileType = sourcecode.c.h; path = AudioDataView.h; sourceTree = "<group>"; };
		8436D9AA22D5BCBA00068F0F /* AudioDataView.m */ = {isa = PBXFileReference; lastKnownFileType = sourcecode.c.objc; path = AudioDataView.m; sourceTree = "<group>"; };
		8436D9B022D5CEC500068F0F /* QueuePlayer.m */ = {isa = PBXFileReference; fileEncoding = 4; lastKnownFileType = sourcecode.c.objc; path = QueuePlayer.m; sourceTree = "<group>"; };
		8436D9B122D5CEC500068F0F /* QueuePlayer.h */ = {isa = PBXFileReference; fileEncoding = 4; lastKnownFileType = sourcecode.c.h; path = QueuePlayer.h; sourceTree = "<group>"; };
		8436D9B322D5CEE800068F0F /* MCAudioInputQueue.m */ = {isa = PBXFileReference; fileEncoding = 4; lastKnownFileType = sourcecode.c.objc; path = MCAudioInputQueue.m; sourceTree = "<group>"; };
		8436D9B422D5CEE800068F0F /* AVAudioPlayer+PCM.m */ = {isa = PBXFileReference; fileEncoding = 4; lastKnownFileType = sourcecode.c.objc; path = "AVAudioPlayer+PCM.m"; sourceTree = "<group>"; };
		8436D9B522D5CEE800068F0F /* AVAudioPlayer+PCM.h */ = {isa = PBXFileReference; fileEncoding = 4; lastKnownFileType = sourcecode.c.h; path = "AVAudioPlayer+PCM.h"; sourceTree = "<group>"; };
		8436D9B622D5CEE800068F0F /* MCAudioInputQueue.h */ = {isa = PBXFileReference; fileEncoding = 4; lastKnownFileType = sourcecode.c.h; path = MCAudioInputQueue.h; sourceTree = "<group>"; };
		8436D9BC22D5D81700068F0F /* Metal_CaptureView.h */ = {isa = PBXFileReference; lastKnownFileType = sourcecode.c.h; path = Metal_CaptureView.h; sourceTree = "<group>"; };
		8436D9BD22D5D81700068F0F /* Metal_CaptureView.m */ = {isa = PBXFileReference; lastKnownFileType = sourcecode.c.objc; path = Metal_CaptureView.m; sourceTree = "<group>"; };
		8436D9C222D5E6C200068F0F /* Metal_DrawImage.h */ = {isa = PBXFileReference; fileEncoding = 4; lastKnownFileType = sourcecode.c.h; path = Metal_DrawImage.h; sourceTree = "<group>"; };
		8436D9C322D5E6C200068F0F /* Metal_DrawImage.m */ = {isa = PBXFileReference; fileEncoding = 4; lastKnownFileType = sourcecode.c.objc; path = Metal_DrawImage.m; sourceTree = "<group>"; };
		8436D9C422D5E6C200068F0F /* Metal_VideoPlayer.h */ = {isa = PBXFileReference; fileEncoding = 4; lastKnownFileType = sourcecode.c.h; path = Metal_VideoPlayer.h; sourceTree = "<group>"; };
		8436D9C522D5E6C300068F0F /* Metal_VideoPlayer.m */ = {isa = PBXFileReference; fileEncoding = 4; lastKnownFileType = sourcecode.c.objc; path = Metal_VideoPlayer.m; sourceTree = "<group>"; };
		8436D9CB22D5E77500068F0F /* CameraViewController.h */ = {isa = PBXFileReference; lastKnownFileType = sourcecode.c.h; path = CameraViewController.h; sourceTree = "<group>"; };
		8436D9CC22D5E77500068F0F /* CameraViewController.m */ = {isa = PBXFileReference; lastKnownFileType = sourcecode.c.objc; path = CameraViewController.m; sourceTree = "<group>"; };
		8437C09322D83C720024EBA4 /* AudioPlayer.h */ = {isa = PBXFileReference; lastKnownFileType = sourcecode.c.h; path = AudioPlayer.h; sourceTree = "<group>"; };
		8437C09422D83C720024EBA4 /* AudioPlayer.m */ = {isa = PBXFileReference; lastKnownFileType = sourcecode.c.objc; path = AudioPlayer.m; sourceTree = "<group>"; };
		8438D7CE22D46D9100439BDA /* Learn_metal.app */ = {isa = PBXFileReference; explicitFileType = wrapper.application; includeInIndex = 0; path = Learn_metal.app; sourceTree = BUILT_PRODUCTS_DIR; };
		8438D7D122D46D9100439BDA /* AppDelegate.h */ = {isa = PBXFileReference; lastKnownFileType = sourcecode.c.h; path = AppDelegate.h; sourceTree = "<group>"; };
		8438D7D222D46D9100439BDA /* AppDelegate.m */ = {isa = PBXFileReference; lastKnownFileType = sourcecode.c.objc; path = AppDelegate.m; sourceTree = "<group>"; };
		8438D7D422D46D9100439BDA /* ViewController.h */ = {isa = PBXFileReference; lastKnownFileType = sourcecode.c.h; path = ViewController.h; sourceTree = "<group>"; };
		8438D7D522D46D9100439BDA /* ViewController.m */ = {isa = PBXFileReference; lastKnownFileType = sourcecode.c.objc; path = ViewController.m; sourceTree = "<group>"; };
		8438D7D822D46D9100439BDA /* Base */ = {isa = PBXFileReference; lastKnownFileType = file.storyboard; name = Base; path = Base.lproj/Main.storyboard; sourceTree = "<group>"; };
		8438D7DA22D46D9300439BDA /* Assets.xcassets */ = {isa = PBXFileReference; lastKnownFileType = folder.assetcatalog; path = Assets.xcassets; sourceTree = "<group>"; };
		8438D7DD22D46D9300439BDA /* Base */ = {isa = PBXFileReference; lastKnownFileType = file.storyboard; name = Base; path = Base.lproj/LaunchScreen.storyboard; sourceTree = "<group>"; };
		8438D7DF22D46D9300439BDA /* Info.plist */ = {isa = PBXFileReference; lastKnownFileType = text.plist.xml; path = Info.plist; sourceTree = "<group>"; };
		8438D7E022D46D9300439BDA /* main.m */ = {isa = PBXFileReference; lastKnownFileType = sourcecode.c.objc; path = main.m; sourceTree = "<group>"; };
		8438D7E622D46D9300439BDA /* Learn_metalTests.xctest */ = {isa = PBXFileReference; explicitFileType = wrapper.cfbundle; includeInIndex = 0; path = Learn_metalTests.xctest; sourceTree = BUILT_PRODUCTS_DIR; };
		8438D7EA22D46D9300439BDA /* Learn_metalTests.m */ = {isa = PBXFileReference; lastKnownFileType = sourcecode.c.objc; path = Learn_metalTests.m; sourceTree = "<group>"; };
		8438D7EC22D46D9300439BDA /* Info.plist */ = {isa = PBXFileReference; lastKnownFileType = text.plist.xml; path = Info.plist; sourceTree = "<group>"; };
		8438D7F122D46D9300439BDA /* Learn_metalUITests.xctest */ = {isa = PBXFileReference; explicitFileType = wrapper.cfbundle; includeInIndex = 0; path = Learn_metalUITests.xctest; sourceTree = BUILT_PRODUCTS_DIR; };
		8438D7F522D46D9300439BDA /* Learn_metalUITests.m */ = {isa = PBXFileReference; lastKnownFileType = sourcecode.c.objc; path = Learn_metalUITests.m; sourceTree = "<group>"; };
		8438D7F722D46D9300439BDA /* Info.plist */ = {isa = PBXFileReference; lastKnownFileType = text.plist.xml; path = Info.plist; sourceTree = "<group>"; };
		8438D80422D46DE200439BDA /* MetalKit.framework */ = {isa = PBXFileReference; lastKnownFileType = wrapper.framework; name = MetalKit.framework; path = System/Library/Frameworks/MetalKit.framework; sourceTree = SDKROOT; };
		8438D80922D489AC00439BDA /* jintian.jpg */ = {isa = PBXFileReference; lastKnownFileType = image.jpeg; path = jintian.jpg; sourceTree = "<group>"; };
		8438D80B22D49DD200439BDA /* shaders.metal */ = {isa = PBXFileReference; fileEncoding = 4; lastKnownFileType = sourcecode.metal; path = shaders.metal; sourceTree = "<group>"; };
		8438D80D22D49E6E00439BDA /* LYShaderTypes.h */ = {isa = PBXFileReference; fileEncoding = 4; lastKnownFileType = sourcecode.c.h; path = LYShaderTypes.h; sourceTree = "<group>"; };
		8438D81122D4A5DD00439BDA /* LYAssetReader.m */ = {isa = PBXFileReference; fileEncoding = 4; lastKnownFileType = sourcecode.c.objc; path = LYAssetReader.m; sourceTree = "<group>"; };
		8438D81222D4A5DD00439BDA /* LYAssetReader.h */ = {isa = PBXFileReference; fileEncoding = 4; lastKnownFileType = sourcecode.c.h; path = LYAssetReader.h; sourceTree = "<group>"; };
		8438D81422D4B32800439BDA /* Cat.mp4 */ = {isa = PBXFileReference; lastKnownFileType = file; path = Cat.mp4; sourceTree = "<group>"; };
		843A0C6422E5AD0400DB8661 /* TCMediaFileReader.m */ = {isa = PBXFileReference; fileEncoding = 4; lastKnownFileType = sourcecode.c.objc; path = TCMediaFileReader.m; sourceTree = "<group>"; };
		843A0C6522E5AD0400DB8661 /* TCMediaFileReader.h */ = {isa = PBXFileReference; fileEncoding = 4; lastKnownFileType = sourcecode.c.h; path = TCMediaFileReader.h; sourceTree = "<group>"; };
		843F034B22D7084D0012AE17 /* MetalViewController.h */ = {isa = PBXFileReference; lastKnownFileType = sourcecode.c.h; path = MetalViewController.h; sourceTree = "<group>"; };
		843F034C22D7084D0012AE17 /* MetalViewController.m */ = {isa = PBXFileReference; lastKnownFileType = sourcecode.c.objc; path = MetalViewController.m; sourceTree = "<group>"; };
		843F034E22D72B9C0012AE17 /* AudioQueuePlayer.h */ = {isa = PBXFileReference; lastKnownFileType = sourcecode.c.h; path = AudioQueuePlayer.h; sourceTree = "<group>"; };
		843F034F22D72B9C0012AE17 /* AudioQueuePlayer.m */ = {isa = PBXFileReference; lastKnownFileType = sourcecode.c.objc; path = AudioQueuePlayer.m; sourceTree = "<group>"; };
		843F035122D73F880012AE17 /* AssetReader.h */ = {isa = PBXFileReference; lastKnownFileType = sourcecode.c.h; path = AssetReader.h; sourceTree = "<group>"; };
		843F035222D73F880012AE17 /* AssetReader.m */ = {isa = PBXFileReference; lastKnownFileType = sourcecode.c.objc; path = AssetReader.m; sourceTree = "<group>"; };
/* End PBXFileReference section */

/* Begin PBXFrameworksBuildPhase section */
		8438D7CB22D46D9100439BDA /* Frameworks */ = {
			isa = PBXFrameworksBuildPhase;
			buildActionMask = 2147483647;
			files = (
				8436615C22D9C53C00385FF3 /* QuartzCore.framework in Frameworks */,
				8436615A22D9C53300385FF3 /* OpenGLES.framework in Frameworks */,
				8438D80522D46DE200439BDA /* MetalKit.framework in Frameworks */,
			);
			runOnlyForDeploymentPostprocessing = 0;
		};
		8438D7E322D46D9300439BDA /* Frameworks */ = {
			isa = PBXFrameworksBuildPhase;
			buildActionMask = 2147483647;
			files = (
			);
			runOnlyForDeploymentPostprocessing = 0;
		};
		8438D7EE22D46D9300439BDA /* Frameworks */ = {
			isa = PBXFrameworksBuildPhase;
			buildActionMask = 2147483647;
			files = (
			);
			runOnlyForDeploymentPostprocessing = 0;
		};
/* End PBXFrameworksBuildPhase section */

/* Begin PBXGroup section */
		840765EB244A92DD0037B14B /* AlphaPlayer */ = {
			isa = PBXGroup;
			children = (
				840765F2244AAAD90037B14B /* ISH264Player.h */,
				840765F3244AAAD90037B14B /* ISH264Player.m */,
				840765E824499EC10037B14B /* AlphaFrameFilter.h */,
				840765E924499EC10037B14B /* AlphaFrameFilter.m */,
				840765EC244A93690037B14B /* YDDAlphaPlayerView.h */,
				840765ED244A93690037B14B /* YDDAlphaPlayerView.m */,
				840765EF244AA59C0037B14B /* YDDAlphaViewController.h */,
				840765F0244AA59C0037B14B /* YDDAlphaViewController.m */,
			);
			path = AlphaPlayer;
			sourceTree = "<group>";
		};
		84359C2E22DC2E9100FF0684 /* assetReader */ = {
			isa = PBXGroup;
			children = (
				843A0C6522E5AD0400DB8661 /* TCMediaFileReader.h */,
				843A0C6422E5AD0400DB8661 /* TCMediaFileReader.m */,
				843F035122D73F880012AE17 /* AssetReader.h */,
				843F035222D73F880012AE17 /* AssetReader.m */,
				8438D81222D4A5DD00439BDA /* LYAssetReader.h */,
				8438D81122D4A5DD00439BDA /* LYAssetReader.m */,
				84359C2F22DC2EF500FF0684 /* YDDAssetReader.h */,
				84359C3022DC2EF500FF0684 /* YDDAssetReader.m */,
			);
			path = assetReader;
			sourceTree = "<group>";
		};
		8436D9AF22D5CE6500068F0F /* audioQueue */ = {
			isa = PBXGroup;
			children = (
				8436D9B522D5CEE800068F0F /* AVAudioPlayer+PCM.h */,
				8436D9B422D5CEE800068F0F /* AVAudioPlayer+PCM.m */,
				8436D9B622D5CEE800068F0F /* MCAudioInputQueue.h */,
				8436D9B322D5CEE800068F0F /* MCAudioInputQueue.m */,
				8436D9B122D5CEC500068F0F /* QueuePlayer.h */,
				8436D9B022D5CEC500068F0F /* QueuePlayer.m */,
				843F034E22D72B9C0012AE17 /* AudioQueuePlayer.h */,
				843F034F22D72B9C0012AE17 /* AudioQueuePlayer.m */,
			);
			path = audioQueue;
			sourceTree = "<group>";
		};
		8438D7C522D46D9100439BDA = {
			isa = PBXGroup;
			children = (
				8438D7D022D46D9100439BDA /* Learn_metal */,
				8438D7E922D46D9300439BDA /* Learn_metalTests */,
				8438D7F422D46D9300439BDA /* Learn_metalUITests */,
				8438D7CF22D46D9100439BDA /* Products */,
				8438D80322D46DE200439BDA /* Frameworks */,
			);
			sourceTree = "<group>";
		};
		8438D7CF22D46D9100439BDA /* Products */ = {
			isa = PBXGroup;
			children = (
				8438D7CE22D46D9100439BDA /* Learn_metal.app */,
				8438D7E622D46D9300439BDA /* Learn_metalTests.xctest */,
				8438D7F122D46D9300439BDA /* Learn_metalUITests.xctest */,
			);
			name = Products;
			sourceTree = "<group>";
		};
		8438D7D022D46D9100439BDA /* Learn_metal */ = {
			isa = PBXGroup;
			children = (
				840765EB244A92DD0037B14B /* AlphaPlayer */,
				84359C2E22DC2E9100FF0684 /* assetReader */,
				843F034722D707460012AE17 /* metalController */,
				843F034622D707030012AE17 /* metalView */,
				8436D9AF22D5CE6500068F0F /* audioQueue */,
				8438D81422D4B32800439BDA /* Cat.mp4 */,
				840765E6244999F90037B14B /* 520.mp4 */,
				8438D7D122D46D9100439BDA /* AppDelegate.h */,
				8438D7D222D46D9100439BDA /* AppDelegate.m */,
				8438D7D422D46D9100439BDA /* ViewController.h */,
				8438D7D522D46D9100439BDA /* ViewController.m */,
				8436D9A922D5BCBA00068F0F /* AudioDataView.h */,
				8436D9AA22D5BCBA00068F0F /* AudioDataView.m */,
				8437C09322D83C720024EBA4 /* AudioPlayer.h */,
				8437C09422D83C720024EBA4 /* AudioPlayer.m */,
				8438D80D22D49E6E00439BDA /* LYShaderTypes.h */,
				8438D80B22D49DD200439BDA /* shaders.metal */,
				8436615022D9A36900385FF3 /* SegmentationShader.metal */,
				8438D7D722D46D9100439BDA /* Main.storyboard */,
				8438D7DA22D46D9300439BDA /* Assets.xcassets */,
				8438D80922D489AC00439BDA /* jintian.jpg */,
				8438D7DC22D46D9300439BDA /* LaunchScreen.storyboard */,
				8438D7DF22D46D9300439BDA /* Info.plist */,
				8438D7E022D46D9300439BDA /* main.m */,
			);
			path = Learn_metal;
			sourceTree = "<group>";
		};
		8438D7E922D46D9300439BDA /* Learn_metalTests */ = {
			isa = PBXGroup;
			children = (
				8438D7EA22D46D9300439BDA /* Learn_metalTests.m */,
				8438D7EC22D46D9300439BDA /* Info.plist */,
			);
			path = Learn_metalTests;
			sourceTree = "<group>";
		};
		8438D7F422D46D9300439BDA /* Learn_metalUITests */ = {
			isa = PBXGroup;
			children = (
				8438D7F522D46D9300439BDA /* Learn_metalUITests.m */,
				8438D7F722D46D9300439BDA /* Info.plist */,
			);
			path = Learn_metalUITests;
			sourceTree = "<group>";
		};
		8438D80322D46DE200439BDA /* Frameworks */ = {
			isa = PBXGroup;
			children = (
				8436615B22D9C53C00385FF3 /* QuartzCore.framework */,
				8436615922D9C53300385FF3 /* OpenGLES.framework */,
				8438D80422D46DE200439BDA /* MetalKit.framework */,
			);
			name = Frameworks;
			sourceTree = "<group>";
		};
		843F034622D707030012AE17 /* metalView */ = {
			isa = PBXGroup;
			children = (
				8436D9BC22D5D81700068F0F /* Metal_CaptureView.h */,
				8436D9BD22D5D81700068F0F /* Metal_CaptureView.m */,
				8436D9C222D5E6C200068F0F /* Metal_DrawImage.h */,
				8436D9C322D5E6C200068F0F /* Metal_DrawImage.m */,
				8436D9C422D5E6C200068F0F /* Metal_VideoPlayer.h */,
				8436D9C522D5E6C300068F0F /* Metal_VideoPlayer.m */,
			);
			path = metalView;
			sourceTree = "<group>";
		};
		843F034722D707460012AE17 /* metalController */ = {
			isa = PBXGroup;
			children = (
				8436D9CB22D5E77500068F0F /* CameraViewController.h */,
				8436D9CC22D5E77500068F0F /* CameraViewController.m */,
				843F034B22D7084D0012AE17 /* MetalViewController.h */,
				843F034C22D7084D0012AE17 /* MetalViewController.m */,
			);
			path = metalController;
			sourceTree = "<group>";
		};
/* End PBXGroup section */

/* Begin PBXNativeTarget section */
		8438D7CD22D46D9100439BDA /* Learn_metal */ = {
			isa = PBXNativeTarget;
			buildConfigurationList = 8438D7FA22D46D9300439BDA /* Build configuration list for PBXNativeTarget "Learn_metal" */;
			buildPhases = (
				8438D7CA22D46D9100439BDA /* Sources */,
				8438D7CB22D46D9100439BDA /* Frameworks */,
				8438D7CC22D46D9100439BDA /* Resources */,
			);
			buildRules = (
			);
			dependencies = (
			);
			name = Learn_metal;
			productName = Learn_metal;
			productReference = 8438D7CE22D46D9100439BDA /* Learn_metal.app */;
			productType = "com.apple.product-type.application";
		};
		8438D7E522D46D9300439BDA /* Learn_metalTests */ = {
			isa = PBXNativeTarget;
			buildConfigurationList = 8438D7FD22D46D9300439BDA /* Build configuration list for PBXNativeTarget "Learn_metalTests" */;
			buildPhases = (
				8438D7E222D46D9300439BDA /* Sources */,
				8438D7E322D46D9300439BDA /* Frameworks */,
				8438D7E422D46D9300439BDA /* Resources */,
			);
			buildRules = (
			);
			dependencies = (
				8438D7E822D46D9300439BDA /* PBXTargetDependency */,
			);
			name = Learn_metalTests;
			productName = Learn_metalTests;
			productReference = 8438D7E622D46D9300439BDA /* Learn_metalTests.xctest */;
			productType = "com.apple.product-type.bundle.unit-test";
		};
		8438D7F022D46D9300439BDA /* Learn_metalUITests */ = {
			isa = PBXNativeTarget;
			buildConfigurationList = 8438D80022D46D9300439BDA /* Build configuration list for PBXNativeTarget "Learn_metalUITests" */;
			buildPhases = (
				8438D7ED22D46D9300439BDA /* Sources */,
				8438D7EE22D46D9300439BDA /* Frameworks */,
				8438D7EF22D46D9300439BDA /* Resources */,
			);
			buildRules = (
			);
			dependencies = (
				8438D7F322D46D9300439BDA /* PBXTargetDependency */,
			);
			name = Learn_metalUITests;
			productName = Learn_metalUITests;
			productReference = 8438D7F122D46D9300439BDA /* Learn_metalUITests.xctest */;
			productType = "com.apple.product-type.bundle.ui-testing";
		};
/* End PBXNativeTarget section */

/* Begin PBXProject section */
		8438D7C622D46D9100439BDA /* Project object */ = {
			isa = PBXProject;
			attributes = {
				LastUpgradeCheck = 1020;
				ORGANIZATIONNAME = ydd;
				TargetAttributes = {
					8438D7CD22D46D9100439BDA = {
						CreatedOnToolsVersion = 10.2.1;
					};
					8438D7E522D46D9300439BDA = {
						CreatedOnToolsVersion = 10.2.1;
						TestTargetID = 8438D7CD22D46D9100439BDA;
					};
					8438D7F022D46D9300439BDA = {
						CreatedOnToolsVersion = 10.2.1;
						TestTargetID = 8438D7CD22D46D9100439BDA;
					};
				};
			};
			buildConfigurationList = 8438D7C922D46D9100439BDA /* Build configuration list for PBXProject "Learn_metal" */;
			compatibilityVersion = "Xcode 9.3";
			developmentRegion = en;
			hasScannedForEncodings = 0;
			knownRegions = (
				en,
				Base,
			);
			mainGroup = 8438D7C522D46D9100439BDA;
			productRefGroup = 8438D7CF22D46D9100439BDA /* Products */;
			projectDirPath = "";
			projectRoot = "";
			targets = (
				8438D7CD22D46D9100439BDA /* Learn_metal */,
				8438D7E522D46D9300439BDA /* Learn_metalTests */,
				8438D7F022D46D9300439BDA /* Learn_metalUITests */,
			);
		};
/* End PBXProject section */

/* Begin PBXResourcesBuildPhase section */
		8438D7CC22D46D9100439BDA /* Resources */ = {
			isa = PBXResourcesBuildPhase;
			buildActionMask = 2147483647;
			files = (
				8438D80A22D489AC00439BDA /* jintian.jpg in Resources */,
				8438D7DE22D46D9300439BDA /* LaunchScreen.storyboard in Resources */,
				8438D81522D4B32800439BDA /* Cat.mp4 in Resources */,
				840765E7244999F90037B14B /* 520.mp4 in Resources */,
				8438D7DB22D46D9300439BDA /* Assets.xcassets in Resources */,
				8438D7D922D46D9100439BDA /* Main.storyboard in Resources */,
			);
			runOnlyForDeploymentPostprocessing = 0;
		};
		8438D7E422D46D9300439BDA /* Resources */ = {
			isa = PBXResourcesBuildPhase;
			buildActionMask = 2147483647;
			files = (
			);
			runOnlyForDeploymentPostprocessing = 0;
		};
		8438D7EF22D46D9300439BDA /* Resources */ = {
			isa = PBXResourcesBuildPhase;
			buildActionMask = 2147483647;
			files = (
			);
			runOnlyForDeploymentPostprocessing = 0;
		};
/* End PBXResourcesBuildPhase section */

/* Begin PBXSourcesBuildPhase section */
		8438D7CA22D46D9100439BDA /* Sources */ = {
			isa = PBXSourcesBuildPhase;
			buildActionMask = 2147483647;
			files = (
				840765F4244AAAD90037B14B /* ISH264Player.m in Sources */,
				8437C09522D83C720024EBA4 /* AudioPlayer.m in Sources */,
				8436D9B222D5CEC500068F0F /* QueuePlayer.m in Sources */,
				8438D7D622D46D9100439BDA /* ViewController.m in Sources */,
				8436D9AB22D5BCBA00068F0F /* AudioDataView.m in Sources */,
				8436615122D9A36900385FF3 /* SegmentationShader.metal in Sources */,
				840765EE244A93690037B14B /* YDDAlphaPlayerView.m in Sources */,
				8436D9B822D5CEE800068F0F /* AVAudioPlayer+PCM.m in Sources */,
				840765EA24499EC10037B14B /* AlphaFrameFilter.m in Sources */,
				8436D9C722D5E6C300068F0F /* Metal_VideoPlayer.m in Sources */,
				8436D9B722D5CEE800068F0F /* MCAudioInputQueue.m in Sources */,
				843F034D22D7084D0012AE17 /* MetalViewController.m in Sources */,
				843F035022D72B9C0012AE17 /* AudioQueuePlayer.m in Sources */,
				8438D80C22D49DD200439BDA /* shaders.metal in Sources */,
				8438D7E122D46D9300439BDA /* main.m in Sources */,
				8436D9C622D5E6C300068F0F /* Metal_DrawImage.m in Sources */,
				84359C3122DC2EF500FF0684 /* YDDAssetReader.m in Sources */,
				843F035322D73F880012AE17 /* AssetReader.m in Sources */,
				843A0C6622E5AD0400DB8661 /* TCMediaFileReader.m in Sources */,
				8436D9CD22D5E77500068F0F /* CameraViewController.m in Sources */,
				8438D7D322D46D9100439BDA /* AppDelegate.m in Sources */,
				8438D81322D4A5DE00439BDA /* LYAssetReader.m in Sources */,
				840765F1244AA59C0037B14B /* YDDAlphaViewController.m in Sources */,
				8436D9BE22D5D81700068F0F /* Metal_CaptureView.m in Sources */,
			);
			runOnlyForDeploymentPostprocessing = 0;
		};
		8438D7E222D46D9300439BDA /* Sources */ = {
			isa = PBXSourcesBuildPhase;
			buildActionMask = 2147483647;
			files = (
				8438D7EB22D46D9300439BDA /* Learn_metalTests.m in Sources */,
			);
			runOnlyForDeploymentPostprocessing = 0;
		};
		8438D7ED22D46D9300439BDA /* Sources */ = {
			isa = PBXSourcesBuildPhase;
			buildActionMask = 2147483647;
			files = (
				8438D7F622D46D9300439BDA /* Learn_metalUITests.m in Sources */,
			);
			runOnlyForDeploymentPostprocessing = 0;
		};
/* End PBXSourcesBuildPhase section */

/* Begin PBXTargetDependency section */
		8438D7E822D46D9300439BDA /* PBXTargetDependency */ = {
			isa = PBXTargetDependency;
			target = 8438D7CD22D46D9100439BDA /* Learn_metal */;
			targetProxy = 8438D7E722D46D9300439BDA /* PBXContainerItemProxy */;
		};
		8438D7F322D46D9300439BDA /* PBXTargetDependency */ = {
			isa = PBXTargetDependency;
			target = 8438D7CD22D46D9100439BDA /* Learn_metal */;
			targetProxy = 8438D7F222D46D9300439BDA /* PBXContainerItemProxy */;
		};
/* End PBXTargetDependency section */

/* Begin PBXVariantGroup section */
		8438D7D722D46D9100439BDA /* Main.storyboard */ = {
			isa = PBXVariantGroup;
			children = (
				8438D7D822D46D9100439BDA /* Base */,
			);
			name = Main.storyboard;
			sourceTree = "<group>";
		};
		8438D7DC22D46D9300439BDA /* LaunchScreen.storyboard */ = {
			isa = PBXVariantGroup;
			children = (
				8438D7DD22D46D9300439BDA /* Base */,
			);
			name = LaunchScreen.storyboard;
			sourceTree = "<group>";
		};
/* End PBXVariantGroup section */

/* Begin XCBuildConfiguration section */
		8438D7F822D46D9300439BDA /* Debug */ = {
			isa = XCBuildConfiguration;
			buildSettings = {
				ALWAYS_SEARCH_USER_PATHS = NO;
				CLANG_ANALYZER_NONNULL = YES;
				CLANG_ANALYZER_NUMBER_OBJECT_CONVERSION = YES_AGGRESSIVE;
				CLANG_CXX_LANGUAGE_STANDARD = "gnu++14";
				CLANG_CXX_LIBRARY = "libc++";
				CLANG_ENABLE_MODULES = YES;
				CLANG_ENABLE_OBJC_ARC = YES;
				CLANG_ENABLE_OBJC_WEAK = YES;
				CLANG_WARN_BLOCK_CAPTURE_AUTORELEASING = YES;
				CLANG_WARN_BOOL_CONVERSION = YES;
				CLANG_WARN_COMMA = YES;
				CLANG_WARN_CONSTANT_CONVERSION = YES;
				CLANG_WARN_DEPRECATED_OBJC_IMPLEMENTATIONS = YES;
				CLANG_WARN_DIRECT_OBJC_ISA_USAGE = YES_ERROR;
				CLANG_WARN_DOCUMENTATION_COMMENTS = YES;
				CLANG_WARN_EMPTY_BODY = YES;
				CLANG_WARN_ENUM_CONVERSION = YES;
				CLANG_WARN_INFINITE_RECURSION = YES;
				CLANG_WARN_INT_CONVERSION = YES;
				CLANG_WARN_NON_LITERAL_NULL_CONVERSION = YES;
				CLANG_WARN_OBJC_IMPLICIT_RETAIN_SELF = YES;
				CLANG_WARN_OBJC_LITERAL_CONVERSION = YES;
				CLANG_WARN_OBJC_ROOT_CLASS = YES_ERROR;
				CLANG_WARN_RANGE_LOOP_ANALYSIS = YES;
				CLANG_WARN_STRICT_PROTOTYPES = YES;
				CLANG_WARN_SUSPICIOUS_MOVE = YES;
				CLANG_WARN_UNGUARDED_AVAILABILITY = YES_AGGRESSIVE;
				CLANG_WARN_UNREACHABLE_CODE = YES;
				CLANG_WARN__DUPLICATE_METHOD_MATCH = YES;
				CODE_SIGN_IDENTITY = "iPhone Developer";
				COPY_PHASE_STRIP = NO;
				DEBUG_INFORMATION_FORMAT = dwarf;
				ENABLE_STRICT_OBJC_MSGSEND = YES;
				ENABLE_TESTABILITY = YES;
				GCC_C_LANGUAGE_STANDARD = gnu11;
				GCC_DYNAMIC_NO_PIC = NO;
				GCC_NO_COMMON_BLOCKS = YES;
				GCC_OPTIMIZATION_LEVEL = 0;
				GCC_PREPROCESSOR_DEFINITIONS = (
					"DEBUG=1",
					"$(inherited)",
				);
				GCC_WARN_64_TO_32_BIT_CONVERSION = YES;
				GCC_WARN_ABOUT_RETURN_TYPE = YES_ERROR;
				GCC_WARN_UNDECLARED_SELECTOR = YES;
				GCC_WARN_UNINITIALIZED_AUTOS = YES_AGGRESSIVE;
				GCC_WARN_UNUSED_FUNCTION = YES;
				GCC_WARN_UNUSED_VARIABLE = YES;
				IPHONEOS_DEPLOYMENT_TARGET = 12.2;
				MTL_ENABLE_DEBUG_INFO = INCLUDE_SOURCE;
				MTL_FAST_MATH = YES;
				ONLY_ACTIVE_ARCH = YES;
				SDKROOT = iphoneos;
			};
			name = Debug;
		};
		8438D7F922D46D9300439BDA /* Release */ = {
			isa = XCBuildConfiguration;
			buildSettings = {
				ALWAYS_SEARCH_USER_PATHS = NO;
				CLANG_ANALYZER_NONNULL = YES;
				CLANG_ANALYZER_NUMBER_OBJECT_CONVERSION = YES_AGGRESSIVE;
				CLANG_CXX_LANGUAGE_STANDARD = "gnu++14";
				CLANG_CXX_LIBRARY = "libc++";
				CLANG_ENABLE_MODULES = YES;
				CLANG_ENABLE_OBJC_ARC = YES;
				CLANG_ENABLE_OBJC_WEAK = YES;
				CLANG_WARN_BLOCK_CAPTURE_AUTORELEASING = YES;
				CLANG_WARN_BOOL_CONVERSION = YES;
				CLANG_WARN_COMMA = YES;
				CLANG_WARN_CONSTANT_CONVERSION = YES;
				CLANG_WARN_DEPRECATED_OBJC_IMPLEMENTATIONS = YES;
				CLANG_WARN_DIRECT_OBJC_ISA_USAGE = YES_ERROR;
				CLANG_WARN_DOCUMENTATION_COMMENTS = YES;
				CLANG_WARN_EMPTY_BODY = YES;
				CLANG_WARN_ENUM_CONVERSION = YES;
				CLANG_WARN_INFINITE_RECURSION = YES;
				CLANG_WARN_INT_CONVERSION = YES;
				CLANG_WARN_NON_LITERAL_NULL_CONVERSION = YES;
				CLANG_WARN_OBJC_IMPLICIT_RETAIN_SELF = YES;
				CLANG_WARN_OBJC_LITERAL_CONVERSION = YES;
				CLANG_WARN_OBJC_ROOT_CLASS = YES_ERROR;
				CLANG_WARN_RANGE_LOOP_ANALYSIS = YES;
				CLANG_WARN_STRICT_PROTOTYPES = YES;
				CLANG_WARN_SUSPICIOUS_MOVE = YES;
				CLANG_WARN_UNGUARDED_AVAILABILITY = YES_AGGRESSIVE;
				CLANG_WARN_UNREACHABLE_CODE = YES;
				CLANG_WARN__DUPLICATE_METHOD_MATCH = YES;
				CODE_SIGN_IDENTITY = "iPhone Developer";
				COPY_PHASE_STRIP = NO;
				DEBUG_INFORMATION_FORMAT = "dwarf-with-dsym";
				ENABLE_NS_ASSERTIONS = NO;
				ENABLE_STRICT_OBJC_MSGSEND = YES;
				GCC_C_LANGUAGE_STANDARD = gnu11;
				GCC_NO_COMMON_BLOCKS = YES;
				GCC_WARN_64_TO_32_BIT_CONVERSION = YES;
				GCC_WARN_ABOUT_RETURN_TYPE = YES_ERROR;
				GCC_WARN_UNDECLARED_SELECTOR = YES;
				GCC_WARN_UNINITIALIZED_AUTOS = YES_AGGRESSIVE;
				GCC_WARN_UNUSED_FUNCTION = YES;
				GCC_WARN_UNUSED_VARIABLE = YES;
				IPHONEOS_DEPLOYMENT_TARGET = 12.2;
				MTL_ENABLE_DEBUG_INFO = NO;
				MTL_FAST_MATH = YES;
				SDKROOT = iphoneos;
				VALIDATE_PRODUCT = YES;
			};
			name = Release;
		};
		8438D7FB22D46D9300439BDA /* Debug */ = {
			isa = XCBuildConfiguration;
			buildSettings = {
				ASSETCATALOG_COMPILER_APPICON_NAME = AppIcon;
				CODE_SIGN_STYLE = Automatic;
				DEVELOPMENT_TEAM = 8F7D4C878S;
				INFOPLIST_FILE = Learn_metal/Info.plist;
				IPHONEOS_DEPLOYMENT_TARGET = 9.0;
				LD_RUNPATH_SEARCH_PATHS = (
					"$(inherited)",
					"@executable_path/Frameworks",
				);
				PRODUCT_BUNDLE_IDENTIFIER = com.ydd.demo;
				PRODUCT_NAME = "$(TARGET_NAME)";
				TARGETED_DEVICE_FAMILY = "1,2";
			};
			name = Debug;
		};
		8438D7FC22D46D9300439BDA /* Release */ = {
			isa = XCBuildConfiguration;
			buildSettings = {
				ASSETCATALOG_COMPILER_APPICON_NAME = AppIcon;
				CODE_SIGN_STYLE = Automatic;
				DEVELOPMENT_TEAM = 8F7D4C878S;
				INFOPLIST_FILE = Learn_metal/Info.plist;
				IPHONEOS_DEPLOYMENT_TARGET = 9.0;
				LD_RUNPATH_SEARCH_PATHS = (
					"$(inherited)",
					"@executable_path/Frameworks",
				);
				PRODUCT_BUNDLE_IDENTIFIER = com.ydd.demo;
				PRODUCT_NAME = "$(TARGET_NAME)";
				TARGETED_DEVICE_FAMILY = "1,2";
			};
			name = Release;
		};
		8438D7FE22D46D9300439BDA /* Debug */ = {
			isa = XCBuildConfiguration;
			buildSettings = {
				BUNDLE_LOADER = "$(TEST_HOST)";
				CODE_SIGN_STYLE = Automatic;
				INFOPLIST_FILE = Learn_metalTests/Info.plist;
				LD_RUNPATH_SEARCH_PATHS = (
					"$(inherited)",
					"@executable_path/Frameworks",
					"@loader_path/Frameworks",
				);
				PRODUCT_BUNDLE_IDENTIFIER = "com.ydd.test.Learn-metalTests";
				PRODUCT_NAME = "$(TARGET_NAME)";
				TARGETED_DEVICE_FAMILY = "1,2";
				TEST_HOST = "$(BUILT_PRODUCTS_DIR)/Learn_metal.app/Learn_metal";
			};
			name = Debug;
		};
		8438D7FF22D46D9300439BDA /* Release */ = {
			isa = XCBuildConfiguration;
			buildSettings = {
				BUNDLE_LOADER = "$(TEST_HOST)";
				CODE_SIGN_STYLE = Automatic;
				INFOPLIST_FILE = Learn_metalTests/Info.plist;
				LD_RUNPATH_SEARCH_PATHS = (
					"$(inherited)",
					"@executable_path/Frameworks",
					"@loader_path/Frameworks",
				);
				PRODUCT_BUNDLE_IDENTIFIER = "com.ydd.test.Learn-metalTests";
				PRODUCT_NAME = "$(TARGET_NAME)";
				TARGETED_DEVICE_FAMILY = "1,2";
				TEST_HOST = "$(BUILT_PRODUCTS_DIR)/Learn_metal.app/Learn_metal";
			};
			name = Release;
		};
		8438D80122D46D9300439BDA /* Debug */ = {
			isa = XCBuildConfiguration;
			buildSettings = {
				CODE_SIGN_STYLE = Automatic;
				INFOPLIST_FILE = Learn_metalUITests/Info.plist;
				LD_RUNPATH_SEARCH_PATHS = (
					"$(inherited)",
					"@executable_path/Frameworks",
					"@loader_path/Frameworks",
				);
				PRODUCT_BUNDLE_IDENTIFIER = "com.ydd.test.Learn-metalUITests";
				PRODUCT_NAME = "$(TARGET_NAME)";
				TARGETED_DEVICE_FAMILY = "1,2";
				TEST_TARGET_NAME = Learn_metal;
			};
			name = Debug;
		};
		8438D80222D46D9300439BDA /* Release */ = {
			isa = XCBuildConfiguration;
			buildSettings = {
				CODE_SIGN_STYLE = Automatic;
				INFOPLIST_FILE = Learn_metalUITests/Info.plist;
				LD_RUNPATH_SEARCH_PATHS = (
					"$(inherited)",
					"@executable_path/Frameworks",
					"@loader_path/Frameworks",
				);
				PRODUCT_BUNDLE_IDENTIFIER = "com.ydd.test.Learn-metalUITests";
				PRODUCT_NAME = "$(TARGET_NAME)";
				TARGETED_DEVICE_FAMILY = "1,2";
				TEST_TARGET_NAME = Learn_metal;
			};
			name = Release;
		};
/* End XCBuildConfiguration section */

/* Begin XCConfigurationList section */
		8438D7C922D46D9100439BDA /* Build configuration list for PBXProject "Learn_metal" */ = {
			isa = XCConfigurationList;
			buildConfigurations = (
				8438D7F822D46D9300439BDA /* Debug */,
				8438D7F922D46D9300439BDA /* Release */,
			);
			defaultConfigurationIsVisible = 0;
			defaultConfigurationName = Release;
		};
		8438D7FA22D46D9300439BDA /* Build configuration list for PBXNativeTarget "Learn_metal" */ = {
			isa = XCConfigurationList;
			buildConfigurations = (
				8438D7FB22D46D9300439BDA /* Debug */,
				8438D7FC22D46D9300439BDA /* Release */,
			);
			defaultConfigurationIsVisible = 0;
			defaultConfigurationName = Release;
		};
		8438D7FD22D46D9300439BDA /* Build configuration list for PBXNativeTarget "Learn_metalTests" */ = {
			isa = XCConfigurationList;
			buildConfigurations = (
				8438D7FE22D46D9300439BDA /* Debug */,
				8438D7FF22D46D9300439BDA /* Release */,
			);
			defaultConfigurationIsVisible = 0;
			defaultConfigurationName = Release;
		};
		8438D80022D46D9300439BDA /* Build configuration list for PBXNativeTarget "Learn_metalUITests" */ = {
			isa = XCConfigurationList;
			buildConfigurations = (
				8438D80122D46D9300439BDA /* Debug */,
				8438D80222D46D9300439BDA /* Release */,
			);
			defaultConfigurationIsVisible = 0;
			defaultConfigurationName = Release;
		};
/* End XCConfigurationList section */
	};
	rootObject = 8438D7C622D46D9100439BDA /* Project object */;
}
